# This file is automatically @generated by Cargo.
# It is not intended for manual editing.
version = 4

[[package]]
name = "sic-cli"
version = "0.1.0"
dependencies = [
 "sic-core",
 "sic-syntax",
]

[[package]]
name = "sic-core"
version = "0.1.0"

[[package]]
name = "sic-syntax"
version = "0.1.0"
dependencies = [
 "sic-core",
]
