# This file is automatically @generated by Cargo.
# It is not intended for manual editing.
version = 4

[[package]]
name = "sic-broker"
version = "0.3.0"
dependencies = [
 "sic-core",
 "sic-json",
]

[[package]]
name = "sic-bytecode"
version = "0.3.0"
dependencies = [
 "sic-core",
]

[[package]]
name = "sic-cli"
version = "0.3.0"
dependencies = [
 "sic-broker",
 "sic-bytecode",
 "sic-compile",
 "sic-core",
 "sic-ir",
 "sic-journal",
 "sic-json",
 "sic-otel",
 "sic-plan",
 "sic-syntax",
 "sic-types",
 "sic-verify",
 "sic-vm",
]

[[package]]
name = "sic-compile"
version = "0.3.0"
dependencies = [
 "sic-bytecode",
 "sic-core",
 "sic-ir",
 "sic-types",
]

[[package]]
name = "sic-core"
version = "0.3.0"

[[package]]
name = "sic-ir"
version = "0.3.0"
dependencies = [
 "sic-core",
 "sic-syntax",
 "sic-types",
]

[[package]]
name = "sic-journal"
version = "0.3.0"
dependencies = [
 "sic-core",
 "sic-json",
]

[[package]]
name = "sic-json"
version = "0.3.0"

[[package]]
name = "sic-otel"
version = "0.3.0"
dependencies = [
 "sic-core",
 "sic-journal",
 "sic-json",
]

[[package]]
name = "sic-plan"
version = "0.3.0"
dependencies = [
 "sic-bytecode",
 "sic-core",
]

[[package]]
name = "sic-syntax"
version = "0.3.0"
dependencies = [
 "sic-core",
]

[[package]]
name = "sic-types"
version = "0.3.0"
dependencies = [
 "sic-core",
 "sic-syntax",
]

[[package]]
name = "sic-verify"
version = "0.3.0"
dependencies = [
 "sic-bytecode",
 "sic-core",
]

[[package]]
name = "sic-vm"
version = "0.3.0"
dependencies = [
 "sic-bytecode",
 "sic-core",
 "sic-journal",
 "sic-json",
]
